
Microsoft Visual Studio Solution File, Format Version 12.00
# Visual Studio 2013
VisualStudioVersion = 12.0.21005.1
MinimumVisualStudioVersion = 10.0.40219.1
Project("{FAE04EC0-301F-11D3-BF4B-00C04F79EFBC}") = "Example1", "Example1\Example1.csproj", "{AA5701F3-382B-42D2-B34A-21FEFF70F339}"
EndProject
Project("{FAE04EC0-301F-11D3-BF4B-00C04F79EFBC}") = "Worksheet1", "Worksheet1\Worksheet1.csproj", "{A290B51E-78E8-4E48-A55F-D5BC3659ABD3}"
EndProject
Project("{FAE04EC0-301F-11D3-BF4B-00C04F79EFBC}") = "Example2", "Example2\Example2.csproj", "{5C36B013-518D-423F-9B29-2B3843B9FC7A}"
EndProject
Project("{FAE04EC0-301F-11D3-BF4B-00C04F79EFBC}") = "Example3", "Example3\Example3.csproj", "{69A7DF2F-7234-4EA5-97E5-750AAC0532DE}"
EndProject
Project("{FAE04EC0-301F-11D3-BF4B-00C04F79EFBC}") = "RectangleExample", "RectangleExample\RectangleExample.csproj", "{C96E587F-58A4-4311-A040-D037929BE616}"
EndProject
Project("{FAE04EC0-301F-11D3-BF4B-00C04F79EFBC}") = "Worksheet4", "Worksheet4\Worksheet4.csproj", "{45E69B23-084A-4805-9CC2-83B0841861A9}"
EndProject
Project("{FAE04EC0-301F-11D3-BF4B-00C04F79EFBC}") = "Worksheet2", "Worksheet2\Worksheet2.csproj", "{2FB6069C-58E7-48D4-AE44-D7641A07DDE3}"
EndProject
Project("{FAE04EC0-301F-11D3-BF4B-00C04F79EFBC}") = "Example4", "Example4\Example4.csproj", "{B5EB9DF4-7686-465A-8CF6-7FA0514A86CC}"
EndProject
Project("{FAE04EC0-301F-11D3-BF4B-00C04F79EFBC}") = "Example5", "Example5\Example5.csproj", "{5103AD09-6BC0-4400-8EE1-CFB7FFB1B9DF}"
EndProject
Global
	GlobalSection(SolutionConfigurationPlatforms) = preSolution
		Debug|Any CPU = Debug|Any CPU
		Release|Any CPU = Release|Any CPU
	EndGlobalSection
	GlobalSection(ProjectConfigurationPlatforms) = postSolution
		{AA5701F3-382B-42D2-B34A-21FEFF70F339}.Debug|Any CPU.ActiveCfg = Debug|Any CPU
		{AA5701F3-382B-42D2-B34A-21FEFF70F339}.Debug|Any CPU.Build.0 = Debug|Any CPU
		{AA5701F3-382B-42D2-B34A-21FEFF70F339}.Release|Any CPU.ActiveCfg = Release|Any CPU
		{AA5701F3-382B-42D2-B34A-21FEFF70F339}.Release|Any CPU.Build.0 = Release|Any CPU
		{A290B51E-78E8-4E48-A55F-D5BC3659ABD3}.Debug|Any CPU.ActiveCfg = Debug|Any CPU
		{A290B51E-78E8-4E48-A55F-D5BC3659ABD3}.Debug|Any CPU.Build.0 = Debug|Any CPU
		{A290B51E-78E8-4E48-A55F-D5BC3659ABD3}.Release|Any CPU.ActiveCfg = Release|Any CPU
		{A290B51E-78E8-4E48-A55F-D5BC3659ABD3}.Release|Any CPU.Build.0 = Release|Any CPU
		{5C36B013-518D-423F-9B29-2B3843B9FC7A}.Debug|Any CPU.ActiveCfg = Debug|Any CPU
		{5C36B013-518D-423F-9B29-2B3843B9FC7A}.Debug|Any CPU.Build.0 = Debug|Any CPU
		{5C36B013-518D-423F-9B29-2B3843B9FC7A}.Release|Any CPU.ActiveCfg = Release|Any CPU
		{5C36B013-518D-423F-9B29-2B3843B9FC7A}.Release|Any CPU.Build.0 = Release|Any CPU
		{69A7DF2F-7234-4EA5-97E5-750AAC0532DE}.Debug|Any CPU.ActiveCfg = Debug|Any CPU
		{69A7DF2F-7234-4EA5-97E5-750AAC0532DE}.Debug|Any CPU.Build.0 = Debug|Any CPU
		{69A7DF2F-7234-4EA5-97E5-750AAC0532DE}.Release|Any CPU.ActiveCfg = Release|Any CPU
		{69A7DF2F-7234-4EA5-97E5-750AAC0532DE}.Release|Any CPU.Build.0 = Release|Any CPU
		{C96E587F-58A4-4311-A040-D037929BE616}.Debug|Any CPU.ActiveCfg = Debug|Any CPU
		{C96E587F-58A4-4311-A040-D037929BE616}.Debug|Any CPU.Build.0 = Debug|Any CPU
		{C96E587F-58A4-4311-A040-D037929BE616}.Release|Any CPU.ActiveCfg = Release|Any CPU
		{C96E587F-58A4-4311-A040-D037929BE616}.Release|Any CPU.Build.0 = Release|Any CPU
		{45E69B23-084A-4805-9CC2-83B0841861A9}.Debug|Any CPU.ActiveCfg = Debug|Any CPU
		{45E69B23-084A-4805-9CC2-83B0841861A9}.Debug|Any CPU.Build.0 = Debug|Any CPU
		{45E69B23-084A-4805-9CC2-83B0841861A9}.Release|Any CPU.ActiveCfg = Release|Any CPU
		{45E69B23-084A-4805-9CC2-83B0841861A9}.Release|Any CPU.Build.0 = Release|Any CPU
		{2FB6069C-58E7-48D4-AE44-D7641A07DDE3}.Debug|Any CPU.ActiveCfg = Debug|Any CPU
		{2FB6069C-58E7-48D4-AE44-D7641A07DDE3}.Debug|Any CPU.Build.0 = Debug|Any CPU
		{2FB6069C-58E7-48D4-AE44-D7641A07DDE3}.Release|Any CPU.ActiveCfg = Release|Any CPU
		{2FB6069C-58E7-48D4-AE44-D7641A07DDE3}.Release|Any CPU.Build.0 = Release|Any CPU
		{B5EB9DF4-7686-465A-8CF6-7FA0514A86CC}.Debug|Any CPU.ActiveCfg = Debug|Any CPU
		{B5EB9DF4-7686-465A-8CF6-7FA0514A86CC}.Debug|Any CPU.Build.0 = Debug|Any CPU
		{B5EB9DF4-7686-465A-8CF6-7FA0514A86CC}.Release|Any CPU.ActiveCfg = Release|Any CPU
		{B5EB9DF4-7686-465A-8CF6-7FA0514A86CC}.Release|Any CPU.Build.0 = Release|Any CPU
		{5103AD09-6BC0-4400-8EE1-CFB7FFB1B9DF}.Debug|Any CPU.ActiveCfg = Debug|Any CPU
		{5103AD09-6BC0-4400-8EE1-CFB7FFB1B9DF}.Debug|Any CPU.Build.0 = Debug|Any CPU
		{5103AD09-6BC0-4400-8EE1-CFB7FFB1B9DF}.Release|Any CPU.ActiveCfg = Release|Any CPU
		{5103AD09-6BC0-4400-8EE1-CFB7FFB1B9DF}.Release|Any CPU.Build.0 = Release|Any CPU
	EndGlobalSection
	GlobalSection(SolutionProperties) = preSolution
		HideSolutionNode = FALSE
	EndGlobalSection
EndGlobal
